
Microsoft Visual Studio Solution File, Format Version 12.00
# Visual Studio Version 17
VisualStudioVersion = 17.8.34525.116
MinimumVisualStudioVersion = 10.0.40219.1
Project("{9A19103F-16F7-4668-BE54-9A1E7A4F7556}") = "Hash-OTP", "Hash-OTP\Hash-OTP.csproj", "{D1C10E28-23CE-4B1C-A0A1-4BA93DB83C32}"
EndProject
Project("{9A19103F-16F7-4668-BE54-9A1E7A4F7556}") = "Hash-Password", "Hash-Password\Hash-Password.csproj", "{99583FBB-D803-4865-AD9E-B5100769D681}"
EndProject
Project("{9A19103F-16F7-4668-BE54-9A1E7A4F7556}") = "Hash-Threema", "Hash-Threema\Hash-Threema.csproj", "{4DA457CA-A012-4F1E-AB4E-CFDC0B3054E6}"
EndProject
Project("{9A19103F-16F7-4668-BE54-9A1E7A4F7556}") = "utils", "utils\utils.csproj", "{06A44AD9-18BF-49EC-BE51-1641763723B9}"
EndProject
Project("{9A19103F-16F7-4668-BE54-9A1E7A4F7556}") = "SYMENC-ModesXor", "SYMENC-ModesXor\SYMENC-ModesXor.csproj", "{E562E1FA-973C-4C28-96EC-D0F9EF6ECA4E}"
EndProject
Project("{9A19103F-16F7-4668-BE54-9A1E7A4F7556}") = "SymEncrypt-SecureString", "SymEncrypt-SecureString\SymEncrypt-SecureString.csproj", "{D7F27896-7AEF-4D17-99F9-6587975F651D}"
EndProject
Global
	GlobalSection(SolutionConfigurationPlatforms) = preSolution
		Debug|Any CPU = Debug|Any CPU
		Release|Any CPU = Release|Any CPU
	EndGlobalSection
	GlobalSection(ProjectConfigurationPlatforms) = postSolution
		{D1C10E28-23CE-4B1C-A0A1-4BA93DB83C32}.Debug|Any CPU.ActiveCfg = Debug|Any CPU
		{D1C10E28-23CE-4B1C-A0A1-4BA93DB83C32}.Debug|Any CPU.Build.0 = Debug|Any CPU
		{D1C10E28-23CE-4B1C-A0A1-4BA93DB83C32}.Release|Any CPU.ActiveCfg = Release|Any CPU
		{D1C10E28-23CE-4B1C-A0A1-4BA93DB83C32}.Release|Any CPU.Build.0 = Release|Any CPU
		{99583FBB-D803-4865-AD9E-B5100769D681}.Debug|Any CPU.ActiveCfg = Debug|Any CPU
		{99583FBB-D803-4865-AD9E-B5100769D681}.Debug|Any CPU.Build.0 = Debug|Any CPU
		{99583FBB-D803-4865-AD9E-B5100769D681}.Release|Any CPU.ActiveCfg = Release|Any CPU
		{99583FBB-D803-4865-AD9E-B5100769D681}.Release|Any CPU.Build.0 = Release|Any CPU
		{4DA457CA-A012-4F1E-AB4E-CFDC0B3054E6}.Debug|Any CPU.ActiveCfg = Debug|Any CPU
		{4DA457CA-A012-4F1E-AB4E-CFDC0B3054E6}.Debug|Any CPU.Build.0 = Debug|Any CPU
		{4DA457CA-A012-4F1E-AB4E-CFDC0B3054E6}.Release|Any CPU.ActiveCfg = Release|Any CPU
		{4DA457CA-A012-4F1E-AB4E-CFDC0B3054E6}.Release|Any CPU.Build.0 = Release|Any CPU
		{06A44AD9-18BF-49EC-BE51-1641763723B9}.Debug|Any CPU.ActiveCfg = Debug|Any CPU
		{06A44AD9-18BF-49EC-BE51-1641763723B9}.Debug|Any CPU.Build.0 = Debug|Any CPU
		{06A44AD9-18BF-49EC-BE51-1641763723B9}.Release|Any CPU.ActiveCfg = Release|Any CPU
		{06A44AD9-18BF-49EC-BE51-1641763723B9}.Release|Any CPU.Build.0 = Release|Any CPU
		{E562E1FA-973C-4C28-96EC-D0F9EF6ECA4E}.Debug|Any CPU.ActiveCfg = Debug|Any CPU
		{E562E1FA-973C-4C28-96EC-D0F9EF6ECA4E}.Debug|Any CPU.Build.0 = Debug|Any CPU
		{E562E1FA-973C-4C28-96EC-D0F9EF6ECA4E}.Release|Any CPU.ActiveCfg = Release|Any CPU
		{E562E1FA-973C-4C28-96EC-D0F9EF6ECA4E}.Release|Any CPU.Build.0 = Release|Any CPU
		{D7F27896-7AEF-4D17-99F9-6587975F651D}.Debug|Any CPU.ActiveCfg = Debug|Any CPU
		{D7F27896-7AEF-4D17-99F9-6587975F651D}.Debug|Any CPU.Build.0 = Debug|Any CPU
		{D7F27896-7AEF-4D17-99F9-6587975F651D}.Release|Any CPU.ActiveCfg = Release|Any CPU
		{D7F27896-7AEF-4D17-99F9-6587975F651D}.Release|Any CPU.Build.0 = Release|Any CPU
	EndGlobalSection
	GlobalSection(SolutionProperties) = preSolution
		HideSolutionNode = FALSE
	EndGlobalSection
	GlobalSection(ExtensibilityGlobals) = postSolution
		SolutionGuid = {F2D5608D-E364-4CA8-9A1C-D0F9DFA36AAA}
	EndGlobalSection
EndGlobal
